
Microsoft Visual Studio Solution File, Format Version 12.00
# Visual Studio Version 17
VisualStudioVersion = 17.0.31512.422
MinimumVisualStudioVersion = 10.0.40219.1
Project("{FAE04EC0-301F-11D3-BF4B-00C04F79EFBC}") = "VSVersion", "VSVersion\VSVersion.csproj", "{7C7573D6-B312-45A0-A410-F0E07EE1EBF1}"
EndProject
Global
	GlobalSection(SolutionConfigurationPlatforms) = preSolution
		Debug|Any CPU = Debug|Any CPU
		Release|Any CPU = Release|Any CPU
	EndGlobalSection
	GlobalSection(ProjectConfigurationPlatforms) = postSolution
		{7C7573D6-B312-45A0-A410-F0E07EE1EBF1}.Debug|Any CPU.ActiveCfg = Debug|Any CPU
		{7C7573D6-B312-45A0-A410-F0E07EE1EBF1}.Debug|Any CPU.Build.0 = Debug|Any CPU
		{7C7573D6-B312-45A0-A410-F0E07EE1EBF1}.Release|Any CPU.ActiveCfg = Release|Any CPU
		{7C7573D6-B312-45A0-A410-F0E07EE1EBF1}.Release|Any CPU.Build.0 = Release|Any CPU
	EndGlobalSection
	GlobalSection(SolutionProperties) = preSolution
		HideSolutionNode = FALSE
	EndGlobalSection
	GlobalSection(ExtensibilityGlobals) = postSolution
		SolutionGuid = {A9E39D4E-B147-495B-9B58-D2E0D3FBBA09}
	EndGlobalSection
EndGlobal
